// !$*UTF8*$!
{
	archiveVersion = 1;
	classes = {
	};
	objectVersion = 46;
	objects = {

/* Begin PBXBuildFile section */
		B5E2579B1E9FEF4A00A282CF /* AppDelegate.swift in Sources */ = {isa = PBXBuildFile; fileRef = B5E2579A1E9FEF4A00A282CF /* AppDelegate.swift */; };
		B5E2579D1E9FEF4A00A282CF /* ViewController.swift in Sources */ = {isa = PBXBuildFile; fileRef = B5E2579C1E9FEF4A00A282CF /* ViewController.swift */; };
		B5E257A01E9FEF4A00A282CF /* Main.storyboard in Resources */ = {isa = PBXBuildFile; fileRef = B5E2579E1E9FEF4A00A282CF /* Main.storyboard */; };
		B5E257A21E9FEF4A00A282CF /* Assets.xcassets in Resources */ = {isa = PBXBuildFile; fileRef = B5E257A11E9FEF4A00A282CF /* Assets.xcassets */; };
		B5E257A51E9FEF4A00A282CF /* LaunchScreen.storyboard in Resources */ = {isa = PBXBuildFile; fileRef = B5E257A31E9FEF4A00A282CF /* LaunchScreen.storyboard */; };
		B5E257AD1E9FF83800A282CF /* TableViewController.swift in Sources */ = {isa = PBXBuildFile; fileRef = B5E257AC1E9FF83800A282CF /* TableViewController.swift */; };
		B5E257B01EA00EFD00A282CF /* TaskItem.xcdatamodeld in Sources */ = {isa = PBXBuildFile; fileRef = B5E257AE1EA00EFD00A282CF /* TaskItem.xcdatamodeld */; };
		B5E257B21EA01DDE00A282CF /* TableViewDelegate.swift in Sources */ = {isa = PBXBuildFile; fileRef = B5E257B11EA01DDE00A282CF /* TableViewDelegate.swift */; };
		B5E257B61EA0352100A282CF /* Cell.swift in Sources */ = {isa = PBXBuildFile; fileRef = B5E257B51EA0352100A282CF /* Cell.swift */; };
/* End PBXBuildFile section */

/* Begin PBXFileReference section */
		B5E257971E9FEF4A00A282CF /* todolist.app */ = {isa = PBXFileReference; explicitFileType = wrapper.application; includeInIndex = 0; path = todolist.app; sourceTree = BUILT_PRODUCTS_DIR; };
		B5E2579A1E9FEF4A00A282CF /* AppDelegate.swift */ = {isa = PBXFileReference; lastKnownFileType = sourcecode.swift; path = AppDelegate.swift; sourceTree = "<group>"; };
		B5E2579C1E9FEF4A00A282CF /* ViewController.swift */ = {isa = PBXFileReference; lastKnownFileType = sourcecode.swift; path = ViewController.swift; sourceTree = "<group>"; };
		B5E2579F1E9FEF4A00A282CF /* Base */ = {isa = PBXFileReference; lastKnownFileType = file.storyboard; name = Base; path = Base.lproj/Main.storyboard; sourceTree = "<group>"; };
		B5E257A11E9FEF4A00A282CF /* Assets.xcassets */ = {isa = PBXFileReference; lastKnownFileType = folder.assetcatalog; path = Assets.xcassets; sourceTree = "<group>"; };
		B5E257A41E9FEF4A00A282CF /* Base */ = {isa = PBXFileReference; lastKnownFileType = file.storyboard; name = Base; path = Base.lproj/LaunchScreen.storyboard; sourceTree = "<group>"; };
		B5E257A61E9FEF4A00A282CF /* Info.plist */ = {isa = PBXFileReference; lastKnownFileType = text.plist.xml; path = Info.plist; sourceTree = "<group>"; };
		B5E257AC1E9FF83800A282CF /* TableViewController.swift */ = {isa = PBXFileReference; fileEncoding = 4; lastKnownFileType = sourcecode.swift; path = TableViewController.swift; sourceTree = "<group>"; };
		B5E257AF1EA00EFD00A282CF /* TaskItem.xcdatamodel */ = {isa = PBXFileReference; lastKnownFileType = wrapper.xcdatamodel; path = TaskItem.xcdatamodel; sourceTree = "<group>"; };
		B5E257B11EA01DDE00A282CF /* TableViewDelegate.swift */ = {isa = PBXFileReference; fileEncoding = 4; lastKnownFileType = sourcecode.swift; path = TableViewDelegate.swift; sourceTree = "<group>"; };
		B5E257B51EA0352100A282CF /* Cell.swift */ = {isa = PBXFileReference; fileEncoding = 4; lastKnownFileType = sourcecode.swift; path = Cell.swift; sourceTree = "<group>"; };
/* End PBXFileReference section */

/* Begin PBXFrameworksBuildPhase section */
		B5E257941E9FEF4A00A282CF /* Frameworks */ = {
			isa = PBXFrameworksBuildPhase;
			buildActionMask = 2147483647;
			files = (
			);
			runOnlyForDeploymentPostprocessing = 0;
		};
/* End PBXFrameworksBuildPhase section */

/* Begin PBXGroup section */
		B5E2578E1E9FEF4900A282CF = {
			isa = PBXGroup;
			children = (
				B5E257991E9FEF4A00A282CF /* todolist */,
				B5E257981E9FEF4A00A282CF /* Products */,
			);
			sourceTree = "<group>";
		};
		B5E257981E9FEF4A00A282CF /* Products */ = {
			isa = PBXGroup;
			children = (
				B5E257971E9FEF4A00A282CF /* todolist.app */,
			);
			name = Products;
			sourceTree = "<group>";
		};
		B5E257991E9FEF4A00A282CF /* todolist */ = {
			isa = PBXGroup;
			children = (
				B5E2579A1E9FEF4A00A282CF /* AppDelegate.swift */,
				B5E2579C1E9FEF4A00A282CF /* ViewController.swift */,
				B5E2579E1E9FEF4A00A282CF /* Main.storyboard */,
				B5E257B51EA0352100A282CF /* Cell.swift */,
				B5E257AE1EA00EFD00A282CF /* TaskItem.xcdatamodeld */,
				B5E257AC1E9FF83800A282CF /* TableViewController.swift */,
				B5E257B11EA01DDE00A282CF /* TableViewDelegate.swift */,
				B5E257A11E9FEF4A00A282CF /* Assets.xcassets */,
				B5E257A31E9FEF4A00A282CF /* LaunchScreen.storyboard */,
				B5E257A61E9FEF4A00A282CF /* Info.plist */,
			);
			path = todolist;
			sourceTree = "<group>";
		};
/* End PBXGroup section */

/* Begin PBXNativeTarget section */
		B5E257961E9FEF4A00A282CF /* todolist */ = {
			isa = PBXNativeTarget;
			buildConfigurationList = B5E257A91E9FEF4A00A282CF /* Build configuration list for PBXNativeTarget "todolist" */;
			buildPhases = (
				B5E257931E9FEF4A00A282CF /* Sources */,
				B5E257941E9FEF4A00A282CF /* Frameworks */,
				B5E257951E9FEF4A00A282CF /* Resources */,
			);
			buildRules = (
			);
			dependencies = (
			);
			name = todolist;
			productName = todolist;
			productReference = B5E257971E9FEF4A00A282CF /* todolist.app */;
			productType = "com.apple.product-type.application";
		};
/* End PBXNativeTarget section */

/* Begin PBXProject section */
		B5E2578F1E9FEF4900A282CF /* Project object */ = {
			isa = PBXProject;
			attributes = {
				LastSwiftUpdateCheck = 0830;
				LastUpgradeCheck = 0830;
				ORGANIZATIONNAME = "Ezra Bergstein";
				TargetAttributes = {
					B5E257961E9FEF4A00A282CF = {
						CreatedOnToolsVersion = 8.3.1;
						ProvisioningStyle = Automatic;
					};
				};
			};
			buildConfigurationList = B5E257921E9FEF4900A282CF /* Build configuration list for PBXProject "todolist" */;
			compatibilityVersion = "Xcode 3.2";
			developmentRegion = English;
			hasScannedForEncodings = 0;
			knownRegions = (
				en,
				Base,
			);
			mainGroup = B5E2578E1E9FEF4900A282CF;
			productRefGroup = B5E257981E9FEF4A00A282CF /* Products */;
			projectDirPath = "";
			projectRoot = "";
			targets = (
				B5E257961E9FEF4A00A282CF /* todolist */,
			);
		};
/* End PBXProject section */

/* Begin PBXResourcesBuildPhase section */
		B5E257951E9FEF4A00A282CF /* Resources */ = {
			isa = PBXResourcesBuildPhase;
			buildActionMask = 2147483647;
			files = (
				B5E257A51E9FEF4A00A282CF /* LaunchScreen.storyboard in Resources */,
				B5E257A21E9FEF4A00A282CF /* Assets.xcassets in Resources */,
				B5E257A01E9FEF4A00A282CF /* Main.storyboard in Resources */,
			);
			runOnlyForDeploymentPostprocessing = 0;
		};
/* End PBXResourcesBuildPhase section */

/* Begin PBXSourcesBuildPhase section */
		B5E257931E9FEF4A00A282CF /* Sources */ = {
			isa = PBXSourcesBuildPhase;
			buildActionMask = 2147483647;
			files = (
				B5E257B21EA01DDE00A282CF /* TableViewDelegate.swift in Sources */,
				B5E2579D1E9FEF4A00A282CF /* ViewController.swift in Sources */,
				B5E257AD1E9FF83800A282CF /* TableViewController.swift in Sources */,
				B5E2579B1E9FEF4A00A282CF /* AppDelegate.swift in Sources */,
				B5E257B01EA00EFD00A282CF /* TaskItem.xcdatamodeld in Sources */,
				B5E257B61EA0352100A282CF /* Cell.swift in Sources */,
			);
			runOnlyForDeploymentPostprocessing = 0;
		};
/* End PBXSourcesBuildPhase section */

/* Begin PBXVariantGroup section */
		B5E2579E1E9FEF4A00A282CF /* Main.storyboard */ = {
			isa = PBXVariantGroup;
			children = (
				B5E2579F1E9FEF4A00A282CF /* Base */,
			);
			name = Main.storyboard;
			sourceTree = "<group>";
		};
		B5E257A31E9FEF4A00A282CF /* LaunchScreen.storyboard */ = {
			isa = PBXVariantGroup;
			children = (
				B5E257A41E9FEF4A00A282CF /* Base */,
			);
			name = LaunchScreen.storyboard;
			sourceTree = "<group>";
		};
/* End PBXVariantGroup section */

/* Begin XCBuildConfiguration section */
		B5E257A71E9FEF4A00A282CF /* Debug */ = {
			isa = XCBuildConfiguration;
			buildSettings = {
				ALWAYS_SEARCH_USER_PATHS = NO;
				CLANG_ANALYZER_NONNULL = YES;
				CLANG_ANALYZER_NUMBER_OBJECT_CONVERSION = YES_AGGRESSIVE;
				CLANG_CXX_LANGUAGE_STANDARD = "gnu++0x";
				CLANG_CXX_LIBRARY = "libc++";
				CLANG_ENABLE_MODULES = YES;
				CLANG_ENABLE_OBJC_ARC = YES;
				CLANG_WARN_BOOL_CONVERSION = YES;
				CLANG_WARN_CONSTANT_CONVERSION = YES;
				CLANG_WARN_DIRECT_OBJC_ISA_USAGE = YES_ERROR;
				CLANG_WARN_DOCUMENTATION_COMMENTS = YES;
				CLANG_WARN_EMPTY_BODY = YES;
				CLANG_WARN_ENUM_CONVERSION = YES;
				CLANG_WARN_INFINITE_RECURSION = YES;
				CLANG_WARN_INT_CONVERSION = YES;
				CLANG_WARN_OBJC_ROOT_CLASS = YES_ERROR;
				CLANG_WARN_SUSPICIOUS_MOVE = YES;
				CLANG_WARN_UNREACHABLE_CODE = YES;
				CLANG_WARN__DUPLICATE_METHOD_MATCH = YES;
				"CODE_SIGN_IDENTITY[sdk=iphoneos*]" = "iPhone Developer";
				COPY_PHASE_STRIP = NO;
				DEBUG_INFORMATION_FORMAT = dwarf;
				ENABLE_STRICT_OBJC_MSGSEND = YES;
				ENABLE_TESTABILITY = YES;
				GCC_C_LANGUAGE_STANDARD = gnu99;
				GCC_DYNAMIC_NO_PIC = NO;
				GCC_NO_COMMON_BLOCKS = YES;
				GCC_OPTIMIZATION_LEVEL = 0;
				GCC_PREPROCESSOR_DEFINITIONS = (
					"DEBUG=1",
					"$(inherited)",
				);
				GCC_WARN_64_TO_32_BIT_CONVERSION = YES;
				GCC_WARN_ABOUT_RETURN_TYPE = YES_ERROR;
				GCC_WARN_UNDECLARED_SELECTOR = YES;
				GCC_WARN_UNINITIALIZED_AUTOS = YES_AGGRESSIVE;
				GCC_WARN_UNUSED_FUNCTION = YES;
				GCC_WARN_UNUSED_VARIABLE = YES;
				IPHONEOS_DEPLOYMENT_TARGET = 10.3;
				MTL_ENABLE_DEBUG_INFO = YES;
				ONLY_ACTIVE_ARCH = YES;
				SDKROOT = iphoneos;
				SWIFT_ACTIVE_COMPILATION_CONDITIONS = DEBUG;
				SWIFT_OPTIMIZATION_LEVEL = "-Onone";
				TARGETED_DEVICE_FAMILY = "1,2";
			};
			name = Debug;
		};
		B5E257A81E9FEF4A00A282CF /* Release */ = {
			isa = XCBuildConfiguration;
			buildSettings = {
				ALWAYS_SEARCH_USER_PATHS = NO;
				CLANG_ANALYZER_NONNULL = YES;
				CLANG_ANALYZER_NUMBER_OBJECT_CONVERSION = YES_AGGRESSIVE;
				CLANG_CXX_LANGUAGE_STANDARD = "gnu++0x";
				CLANG_CXX_LIBRARY = "libc++";
				CLANG_ENABLE_MODULES = YES;
				CLANG_ENABLE_OBJC_ARC = YES;
				CLANG_WARN_BOOL_CONVERSION = YES;
				CLANG_WARN_CONSTANT_CONVERSION = YES;
				CLANG_WARN_DIRECT_OBJC_ISA_USAGE = YES_ERROR;
				CLANG_WARN_DOCUMENTATION_COMMENTS = YES;
				CLANG_WARN_EMPTY_BODY = YES;
				CLANG_WARN_ENUM_CONVERSION = YES;
				CLANG_WARN_INFINITE_RECURSION = YES;
				CLANG_WARN_INT_CONVERSION = YES;
				CLANG_WARN_OBJC_ROOT_CLASS = YES_ERROR;
				CLANG_WARN_SUSPICIOUS_MOVE = YES;
				CLANG_WARN_UNREACHABLE_CODE = YES;
				CLANG_WARN__DUPLICATE_METHOD_MATCH = YES;
				"CODE_SIGN_IDENTITY[sdk=iphoneos*]" = "iPhone Developer";
				COPY_PHASE_STRIP = NO;
				DEBUG_INFORMATION_FORMAT = "dwarf-with-dsym";
				ENABLE_NS_ASSERTIONS = NO;
				ENABLE_STRICT_OBJC_MSGSEND = YES;
				GCC_C_LANGUAGE_STANDARD = gnu99;
				GCC_NO_COMMON_BLOCKS = YES;
				GCC_WARN_64_TO_32_BIT_CONVERSION = YES;
				GCC_WARN_ABOUT_RETURN_TYPE = YES_ERROR;
				GCC_WARN_UNDECLARED_SELECTOR = YES;
				GCC_WARN_UNINITIALIZED_AUTOS = YES_AGGRESSIVE;
				GCC_WARN_UNUSED_FUNCTION = YES;
				GCC_WARN_UNUSED_VARIABLE = YES;
				IPHONEOS_DEPLOYMENT_TARGET = 10.3;
				MTL_ENABLE_DEBUG_INFO = NO;
				SDKROOT = iphoneos;
				SWIFT_OPTIMIZATION_LEVEL = "-Owholemodule";
				TARGETED_DEVICE_FAMILY = "1,2";
				VALIDATE_PRODUCT = YES;
			};
			name = Release;
		};
		B5E257AA1E9FEF4A00A282CF /* Debug */ = {
			isa = XCBuildConfiguration;
			buildSettings = {
				ASSETCATALOG_COMPILER_APPICON_NAME = AppIcon;
				INFOPLIST_FILE = todolist/Info.plist;
				LD_RUNPATH_SEARCH_PATHS = "$(inherited) @executable_path/Frameworks";
				PRODUCT_BUNDLE_IDENTIFIER = testing.todolist;
				PRODUCT_NAME = "$(TARGET_NAME)";
				SWIFT_VERSION = 3.0;
			};
			name = Debug;
		};
		B5E257AB1E9FEF4A00A282CF /* Release */ = {
			isa = XCBuildConfiguration;
			buildSettings = {
				ASSETCATALOG_COMPILER_APPICON_NAME = AppIcon;
				INFOPLIST_FILE = todolist/Info.plist;
				LD_RUNPATH_SEARCH_PATHS = "$(inherited) @executable_path/Frameworks";
				PRODUCT_BUNDLE_IDENTIFIER = testing.todolist;
				PRODUCT_NAME = "$(TARGET_NAME)";
				SWIFT_VERSION = 3.0;
			};
			name = Release;
		};
/* End XCBuildConfiguration section */

/* Begin XCConfigurationList section */
		B5E257921E9FEF4900A282CF /* Build configuration list for PBXProject "todolist" */ = {
			isa = XCConfigurationList;
			buildConfigurations = (
				B5E257A71E9FEF4A00A282CF /* Debug */,
				B5E257A81E9FEF4A00A282CF /* Release */,
			);
			defaultConfigurationIsVisible = 0;
			defaultConfigurationName = Release;
		};
		B5E257A91E9FEF4A00A282CF /* Build configuration list for PBXNativeTarget "todolist" */ = {
			isa = XCConfigurationList;
			buildConfigurations = (
				B5E257AA1E9FEF4A00A282CF /* Debug */,
				B5E257AB1E9FEF4A00A282CF /* Release */,
			);
			defaultConfigurationIsVisible = 0;
			defaultConfigurationName = Release;
		};
/* End XCConfigurationList section */

/* Begin XCVersionGroup section */
		B5E257AE1EA00EFD00A282CF /* TaskItem.xcdatamodeld */ = {
			isa = XCVersionGroup;
			children = (
				B5E257AF1EA00EFD00A282CF /* TaskItem.xcdatamodel */,
			);
			currentVersion = B5E257AF1EA00EFD00A282CF /* TaskItem.xcdatamodel */;
			path = TaskItem.xcdatamodeld;
			sourceTree = "<group>";
			versionGroupType = wrapper.xcdatamodel;
		};
/* End XCVersionGroup section */
	};
	rootObject = B5E2578F1E9FEF4900A282CF /* Project object */;
}
